
Microsoft Visual Studio Solution File, Format Version 12.00
# Visual Studio Version 16
VisualStudioVersion = 16.0.30907.101
MinimumVisualStudioVersion = 10.0.40219.1
Project("{FAE04EC0-301F-11D3-BF4B-00C04F79EFBC}") = "Ado.Net", "Ado.Net\Ado.Net.csproj", "{A133E212-0531-41B5-B312-162EEE1CFBBA}"
EndProject
Global
	GlobalSection(SolutionConfigurationPlatforms) = preSolution
		Debug|Any CPU = Debug|Any CPU
		Release|Any CPU = Release|Any CPU
	EndGlobalSection
	GlobalSection(ProjectConfigurationPlatforms) = postSolution
		{A133E212-0531-41B5-B312-162EEE1CFBBA}.Debug|Any CPU.ActiveCfg = Debug|Any CPU
		{A133E212-0531-41B5-B312-162EEE1CFBBA}.Debug|Any CPU.Build.0 = Debug|Any CPU
		{A133E212-0531-41B5-B312-162EEE1CFBBA}.Release|Any CPU.ActiveCfg = Release|Any CPU
		{A133E212-0531-41B5-B312-162EEE1CFBBA}.Release|Any CPU.Build.0 = Release|Any CPU
	EndGlobalSection
	GlobalSection(SolutionProperties) = preSolution
		HideSolutionNode = FALSE
	EndGlobalSection
	GlobalSection(ExtensibilityGlobals) = postSolution
		SolutionGuid = {5AE9F83C-CA0E-4F27-946F-56FB5716DF4D}
	EndGlobalSection
EndGlobal
